
Microsoft Visual Studio Solution File, Format Version 12.00
# Visual Studio Version 17
VisualStudioVersion = 17.0.32014.148
MinimumVisualStudioVersion = 10.0.40219.1
Project("{9A19103F-16F7-4668-BE54-9A1E7A4F7556}") = "AppointmentsSchedulingSystem.Web", "AppointmentsSchedulingSystem.Web\AppointmentsSchedulingSystem.Web.csproj", "{7528ED1D-A2E0-4210-88E0-5ADF386D7214}"
EndProject
Project("{9A19103F-16F7-4668-BE54-9A1E7A4F7556}") = "AppointmentsSchedulingSystem.Service", "AppointmentsSchedulingSystem.Service\AppointmentsSchedulingSystem.Service.csproj", "{95229540-8F2E-4141-B23E-1DD13D7491D3}"
EndProject
Project("{9A19103F-16F7-4668-BE54-9A1E7A4F7556}") = "AppointmentsSchedulingSystem.Repository", "AppointmentsSchedulingSystem.Repository\AppointmentsSchedulingSystem.Repository.csproj", "{65822580-BDF6-4CE8-A6F9-008AEF6C598A}"
EndProject
Project("{FAE04EC0-301F-11D3-BF4B-00C04F79EFBC}") = "AppointmentsSchedulingSystem.Test", "AppointmentsSchedulingSystem.Test\AppointmentsSchedulingSystem.Test.csproj", "{BDFBA7B4-673F-4E83-8EBA-A8A78429A97F}"
EndProject
Global
	GlobalSection(SolutionConfigurationPlatforms) = preSolution
		Debug|Any CPU = Debug|Any CPU
		Release|Any CPU = Release|Any CPU
	EndGlobalSection
	GlobalSection(ProjectConfigurationPlatforms) = postSolution
		{7528ED1D-A2E0-4210-88E0-5ADF386D7214}.Debug|Any CPU.ActiveCfg = Debug|Any CPU
		{7528ED1D-A2E0-4210-88E0-5ADF386D7214}.Debug|Any CPU.Build.0 = Debug|Any CPU
		{7528ED1D-A2E0-4210-88E0-5ADF386D7214}.Release|Any CPU.ActiveCfg = Release|Any CPU
		{7528ED1D-A2E0-4210-88E0-5ADF386D7214}.Release|Any CPU.Build.0 = Release|Any CPU
		{95229540-8F2E-4141-B23E-1DD13D7491D3}.Debug|Any CPU.ActiveCfg = Debug|Any CPU
		{95229540-8F2E-4141-B23E-1DD13D7491D3}.Debug|Any CPU.Build.0 = Debug|Any CPU
		{95229540-8F2E-4141-B23E-1DD13D7491D3}.Release|Any CPU.ActiveCfg = Release|Any CPU
		{95229540-8F2E-4141-B23E-1DD13D7491D3}.Release|Any CPU.Build.0 = Release|Any CPU
		{65822580-BDF6-4CE8-A6F9-008AEF6C598A}.Debug|Any CPU.ActiveCfg = Debug|Any CPU
		{65822580-BDF6-4CE8-A6F9-008AEF6C598A}.Debug|Any CPU.Build.0 = Debug|Any CPU
		{65822580-BDF6-4CE8-A6F9-008AEF6C598A}.Release|Any CPU.ActiveCfg = Release|Any CPU
		{65822580-BDF6-4CE8-A6F9-008AEF6C598A}.Release|Any CPU.Build.0 = Release|Any CPU
		{BDFBA7B4-673F-4E83-8EBA-A8A78429A97F}.Debug|Any CPU.ActiveCfg = Debug|Any CPU
		{BDFBA7B4-673F-4E83-8EBA-A8A78429A97F}.Debug|Any CPU.Build.0 = Debug|Any CPU
		{BDFBA7B4-673F-4E83-8EBA-A8A78429A97F}.Release|Any CPU.ActiveCfg = Release|Any CPU
		{BDFBA7B4-673F-4E83-8EBA-A8A78429A97F}.Release|Any CPU.Build.0 = Release|Any CPU
	EndGlobalSection
	GlobalSection(SolutionProperties) = preSolution
		HideSolutionNode = FALSE
	EndGlobalSection
	GlobalSection(ExtensibilityGlobals) = postSolution
		SolutionGuid = {E349E15B-8CBB-4F9F-8D53-A3C82DF26ABA}
	EndGlobalSection
EndGlobal
